
Microsoft Visual Studio Solution File, Format Version 12.00
Project("{FAE04EC0-301F-11D3-BF4B-00C04F79EFBC}") = "AI-Wealth-Management", "AI-Wealth-Management\AI-Wealth-Management.csproj", "{AF5A4181-FA39-44D3-85F9-2693986442C0}"
EndProject
Global
	GlobalSection(SolutionConfigurationPlatforms) = preSolution
		Debug|Any CPU = Debug|Any CPU
		Release|Any CPU = Release|Any CPU
	EndGlobalSection
	GlobalSection(ProjectConfigurationPlatforms) = postSolution
		{AF5A4181-FA39-44D3-85F9-2693986442C0}.Debug|Any CPU.ActiveCfg = Debug|Any CPU
		{AF5A4181-FA39-44D3-85F9-2693986442C0}.Debug|Any CPU.Build.0 = Debug|Any CPU
		{AF5A4181-FA39-44D3-85F9-2693986442C0}.Release|Any CPU.ActiveCfg = Release|Any CPU
		{AF5A4181-FA39-44D3-85F9-2693986442C0}.Release|Any CPU.Build.0 = Release|Any CPU
	EndGlobalSection
EndGlobal
