
Microsoft Visual Studio Solution File, Format Version 12.00
# Visual Studio Version 17
VisualStudioVersion = 17.14.36408.4
MinimumVisualStudioVersion = 10.0.40219.1
Project("{FAE04EC0-301F-11D3-BF4B-00C04F79EFBC}") = "Wealth Managment", "InvestmentAdvisor.Backend\Wealth Managment.csproj", "{758BB896-C48F-731D-00F5-26299572BC98}"
EndProject
Global
	GlobalSection(SolutionConfigurationPlatforms) = preSolution
		Debug|Any CPU = Debug|Any CPU
		Release|Any CPU = Release|Any CPU
	EndGlobalSection
	GlobalSection(ProjectConfigurationPlatforms) = postSolution
		{758BB896-C48F-731D-00F5-26299572BC98}.Debug|Any CPU.ActiveCfg = Debug|Any CPU
		{758BB896-C48F-731D-00F5-26299572BC98}.Debug|Any CPU.Build.0 = Debug|Any CPU
		{758BB896-C48F-731D-00F5-26299572BC98}.Release|Any CPU.ActiveCfg = Release|Any CPU
		{758BB896-C48F-731D-00F5-26299572BC98}.Release|Any CPU.Build.0 = Release|Any CPU
	EndGlobalSection
	GlobalSection(SolutionProperties) = preSolution
		HideSolutionNode = FALSE
	EndGlobalSection
	GlobalSection(ExtensibilityGlobals) = postSolution
		SolutionGuid = {AAC28D13-F90C-41BD-81ED-D1ED3C75C376}
	EndGlobalSection
EndGlobal
